
Microsoft Visual Studio Solution File, Format Version 12.00
# Visual Studio 14
VisualStudioVersion = 14.0.25420.1
MinimumVisualStudioVersion = 10.0.40219.1
Project("{FAE04EC0-301F-11D3-BF4B-00C04F79EFBC}") = "OnlinerTask", "OnlinerTask\OnlinerTask.csproj", "{4863183B-8452-4623-97D4-FBD16D9B2A63}"
EndProject
Project("{FAE04EC0-301F-11D3-BF4B-00C04F79EFBC}") = "OnlinerTask.Tests", "OnlinerTask.Tests\OnlinerTask.Tests.csproj", "{90A8C135-E9BE-414C-AA53-9B194D08A342}"
EndProject
Global
	GlobalSection(SolutionConfigurationPlatforms) = preSolution
		Debug|Any CPU = Debug|Any CPU
		Release|Any CPU = Release|Any CPU
	EndGlobalSection
	GlobalSection(ProjectConfigurationPlatforms) = postSolution
		{4863183B-8452-4623-97D4-FBD16D9B2A63}.Debug|Any CPU.ActiveCfg = Debug|Any CPU
		{4863183B-8452-4623-97D4-FBD16D9B2A63}.Debug|Any CPU.Build.0 = Debug|Any CPU
		{4863183B-8452-4623-97D4-FBD16D9B2A63}.Release|Any CPU.ActiveCfg = Release|Any CPU
		{4863183B-8452-4623-97D4-FBD16D9B2A63}.Release|Any CPU.Build.0 = Release|Any CPU
		{90A8C135-E9BE-414C-AA53-9B194D08A342}.Debug|Any CPU.ActiveCfg = Debug|Any CPU
		{90A8C135-E9BE-414C-AA53-9B194D08A342}.Debug|Any CPU.Build.0 = Debug|Any CPU
		{90A8C135-E9BE-414C-AA53-9B194D08A342}.Release|Any CPU.ActiveCfg = Release|Any CPU
		{90A8C135-E9BE-414C-AA53-9B194D08A342}.Release|Any CPU.Build.0 = Release|Any CPU
	EndGlobalSection
	GlobalSection(SolutionProperties) = preSolution
		HideSolutionNode = FALSE
	EndGlobalSection
EndGlobal
